
Microsoft Visual Studio Solution File, Format Version 12.00
# Visual Studio Version 17
VisualStudioVersion = 17.0.31903.59
MinimumVisualStudioVersion = 10.0.40219.1
Project("{2150E333-8FDC-42A3-9474-1A3956D46DE8}") = "src", "src", "{827E0CD3-B72D-47B6-A68D-7590B98EB39B}"
EndProject
Project("{FAE04EC0-301F-11D3-BF4B-00C04F79EFBC}") = "PSMOperationsPlatform.Application", "src\PSMOperationsPlatform.Application\PSMOperationsPlatform.Application.csproj", "{8B20283B-F782-4245-B9C8-42A4D0826392}"
EndProject
Project("{FAE04EC0-301F-11D3-BF4B-00C04F79EFBC}") = "PSMOperationsPlatform.CollectorSdk", "src\PSMOperationsPlatform.CollectorSdk\PSMOperationsPlatform.CollectorSdk.csproj", "{B1526D43-8ED7-4B4C-BB55-43C75D1F00A6}"
EndProject
Project("{FAE04EC0-301F-11D3-BF4B-00C04F79EFBC}") = "PSMOperationsPlatform.Contracts", "src\PSMOperationsPlatform.Contracts\PSMOperationsPlatform.Contracts.csproj", "{42D99076-DFAF-47A3-860E-93B3E7DC0D12}"
EndProject
Project("{FAE04EC0-301F-11D3-BF4B-00C04F79EFBC}") = "PSMOperationsPlatform.Domain", "src\PSMOperationsPlatform.Domain\PSMOperationsPlatform.Domain.csproj", "{D582C699-345F-4E82-9CE6-C919A6F1EF9A}"
EndProject
Project("{FAE04EC0-301F-11D3-BF4B-00C04F79EFBC}") = "PSMOperationsPlatform.Collectors.Common", "src\PSMOperationsPlatform.Collectors.Common\PSMOperationsPlatform.Collectors.Common.csproj", "{CFF6B202-E444-4F0B-85CC-783E8435A4B5}"
EndProject
Project("{FAE04EC0-301F-11D3-BF4B-00C04F79EFBC}") = "PSMOperationsPlatform.Infrastructure", "src\PSMOperationsPlatform.Infrastructure\PSMOperationsPlatform.Infrastructure.csproj", "{C8A71DEE-39C6-4EBB-BE03-B3936F2FA18F}"
EndProject
Project("{FAE04EC0-301F-11D3-BF4B-00C04F79EFBC}") = "PSMOperationsPlatform.SqlCollector", "src\PSMOperationsPlatform.SqlCollector\PSMOperationsPlatform.SqlCollector.csproj", "{49322BCD-0218-4E57-8BA6-58F3A9D7D983}"
EndProject
Project("{FAE04EC0-301F-11D3-BF4B-00C04F79EFBC}") = "PSMOperationsPlatform.Web", "src\PSMOperationsPlatform.Web\PSMOperationsPlatform.Web.csproj", "{930BF15F-DFB6-4001-B52F-FA9775662C47}"
EndProject
Project("{FAE04EC0-301F-11D3-BF4B-00C04F79EFBC}") = "PSMOperationsPlatform.WindowsCollector", "src\PSMOperationsPlatform.WindowsCollector\PSMOperationsPlatform.WindowsCollector.csproj", "{0667808C-0A87-4243-B48B-C768D02776F3}"
EndProject
Project("{2150E333-8FDC-42A3-9474-1A3956D46DE8}") = "tests", "tests", "{0AB3BF05-4346-4AA6-1389-037BE0695223}"
EndProject
Project("{FAE04EC0-301F-11D3-BF4B-00C04F79EFBC}") = "PSMOperationsPlatform.Architecture.Tests", "tests\PSMOperationsPlatform.Architecture.Tests\PSMOperationsPlatform.Architecture.Tests.csproj", "{FFD8DAF4-5C91-46FB-B145-9BF0FC7A9DD9}"
EndProject
Project("{FAE04EC0-301F-11D3-BF4B-00C04F79EFBC}") = "PSMOperationsPlatform.Domain.Tests", "tests\PSMOperationsPlatform.Domain.Tests\PSMOperationsPlatform.Domain.Tests.csproj", "{CBBFA650-DB2C-4523-9D02-D15A18891722}"
EndProject
Project("{FAE04EC0-301F-11D3-BF4B-00C04F79EFBC}") = "PSMOperationsPlatform.Infrastructure.Tests", "tests\PSMOperationsPlatform.Infrastructure.Tests\PSMOperationsPlatform.Infrastructure.Tests.csproj", "{AAC17738-CC67-4119-B80A-955D94301CBE}"
EndProject
Project("{FAE04EC0-301F-11D3-BF4B-00C04F79EFBC}") = "PSMOperationsPlatform.WindowsCollector.Tests", "tests\PSMOperationsPlatform.WindowsCollector.Tests\PSMOperationsPlatform.WindowsCollector.Tests.csproj", "{2CF2C0B3-342D-4C99-9D78-C2C78F4E79C8}"
EndProject
Project("{FAE04EC0-301F-11D3-BF4B-00C04F79EFBC}") = "PSMOperationsPlatform.Web.Tests", "tests\PSMOperationsPlatform.Web.Tests\PSMOperationsPlatform.Web.Tests.csproj", "{A519E097-054E-4830-9AD5-E21E07760237}"
EndProject
Global
	GlobalSection(SolutionConfigurationPlatforms) = preSolution
		Debug|Any CPU = Debug|Any CPU
		Debug|x64 = Debug|x64
		Debug|x86 = Debug|x86
		Release|Any CPU = Release|Any CPU
		Release|x64 = Release|x64
		Release|x86 = Release|x86
	EndGlobalSection
	GlobalSection(ProjectConfigurationPlatforms) = postSolution
		{8B20283B-F782-4245-B9C8-42A4D0826392}.Debug|Any CPU.ActiveCfg = Debug|Any CPU
		{8B20283B-F782-4245-B9C8-42A4D0826392}.Debug|Any CPU.Build.0 = Debug|Any CPU
		{8B20283B-F782-4245-B9C8-42A4D0826392}.Debug|x64.ActiveCfg = Debug|Any CPU
		{8B20283B-F782-4245-B9C8-42A4D0826392}.Debug|x64.Build.0 = Debug|Any CPU
		{8B20283B-F782-4245-B9C8-42A4D0826392}.Debug|x86.ActiveCfg = Debug|Any CPU
		{8B20283B-F782-4245-B9C8-42A4D0826392}.Debug|x86.Build.0 = Debug|Any CPU
		{8B20283B-F782-4245-B9C8-42A4D0826392}.Release|Any CPU.ActiveCfg = Release|Any CPU
		{8B20283B-F782-4245-B9C8-42A4D0826392}.Release|Any CPU.Build.0 = Release|Any CPU
		{8B20283B-F782-4245-B9C8-42A4D0826392}.Release|x64.ActiveCfg = Release|Any CPU
		{8B20283B-F782-4245-B9C8-42A4D0826392}.Release|x64.Build.0 = Release|Any CPU
		{8B20283B-F782-4245-B9C8-42A4D0826392}.Release|x86.ActiveCfg = Release|Any CPU
		{8B20283B-F782-4245-B9C8-42A4D0826392}.Release|x86.Build.0 = Release|Any CPU
		{B1526D43-8ED7-4B4C-BB55-43C75D1F00A6}.Debug|Any CPU.ActiveCfg = Debug|Any CPU
		{B1526D43-8ED7-4B4C-BB55-43C75D1F00A6}.Debug|Any CPU.Build.0 = Debug|Any CPU
		{B1526D43-8ED7-4B4C-BB55-43C75D1F00A6}.Debug|x64.ActiveCfg = Debug|Any CPU
		{B1526D43-8ED7-4B4C-BB55-43C75D1F00A6}.Debug|x64.Build.0 = Debug|Any CPU
		{B1526D43-8ED7-4B4C-BB55-43C75D1F00A6}.Debug|x86.ActiveCfg = Debug|Any CPU
		{B1526D43-8ED7-4B4C-BB55-43C75D1F00A6}.Debug|x86.Build.0 = Debug|Any CPU
		{B1526D43-8ED7-4B4C-BB55-43C75D1F00A6}.Release|Any CPU.ActiveCfg = Release|Any CPU
		{B1526D43-8ED7-4B4C-BB55-43C75D1F00A6}.Release|Any CPU.Build.0 = Release|Any CPU
		{B1526D43-8ED7-4B4C-BB55-43C75D1F00A6}.Release|x64.ActiveCfg = Release|Any CPU
		{B1526D43-8ED7-4B4C-BB55-43C75D1F00A6}.Release|x64.Build.0 = Release|Any CPU
		{B1526D43-8ED7-4B4C-BB55-43C75D1F00A6}.Release|x86.ActiveCfg = Release|Any CPU
		{B1526D43-8ED7-4B4C-BB55-43C75D1F00A6}.Release|x86.Build.0 = Release|Any CPU
		{42D99076-DFAF-47A3-860E-93B3E7DC0D12}.Debug|Any CPU.ActiveCfg = Debug|Any CPU
		{42D99076-DFAF-47A3-860E-93B3E7DC0D12}.Debug|Any CPU.Build.0 = Debug|Any CPU
		{42D99076-DFAF-47A3-860E-93B3E7DC0D12}.Debug|x64.ActiveCfg = Debug|Any CPU
		{42D99076-DFAF-47A3-860E-93B3E7DC0D12}.Debug|x64.Build.0 = Debug|Any CPU
		{42D99076-DFAF-47A3-860E-93B3E7DC0D12}.Debug|x86.ActiveCfg = Debug|Any CPU
		{42D99076-DFAF-47A3-860E-93B3E7DC0D12}.Debug|x86.Build.0 = Debug|Any CPU
		{42D99076-DFAF-47A3-860E-93B3E7DC0D12}.Release|Any CPU.ActiveCfg = Release|Any CPU
		{42D99076-DFAF-47A3-860E-93B3E7DC0D12}.Release|Any CPU.Build.0 = Release|Any CPU
		{42D99076-DFAF-47A3-860E-93B3E7DC0D12}.Release|x64.ActiveCfg = Release|Any CPU
		{42D99076-DFAF-47A3-860E-93B3E7DC0D12}.Release|x64.Build.0 = Release|Any CPU
		{42D99076-DFAF-47A3-860E-93B3E7DC0D12}.Release|x86.ActiveCfg = Release|Any CPU
		{42D99076-DFAF-47A3-860E-93B3E7DC0D12}.Release|x86.Build.0 = Release|Any CPU
		{D582C699-345F-4E82-9CE6-C919A6F1EF9A}.Debug|Any CPU.ActiveCfg = Debug|Any CPU
		{D582C699-345F-4E82-9CE6-C919A6F1EF9A}.Debug|Any CPU.Build.0 = Debug|Any CPU
		{D582C699-345F-4E82-9CE6-C919A6F1EF9A}.Debug|x64.ActiveCfg = Debug|Any CPU
		{D582C699-345F-4E82-9CE6-C919A6F1EF9A}.Debug|x64.Build.0 = Debug|Any CPU
		{D582C699-345F-4E82-9CE6-C919A6F1EF9A}.Debug|x86.ActiveCfg = Debug|Any CPU
		{D582C699-345F-4E82-9CE6-C919A6F1EF9A}.Debug|x86.Build.0 = Debug|Any CPU
		{D582C699-345F-4E82-9CE6-C919A6F1EF9A}.Release|Any CPU.ActiveCfg = Release|Any CPU
		{D582C699-345F-4E82-9CE6-C919A6F1EF9A}.Release|Any CPU.Build.0 = Release|Any CPU
		{D582C699-345F-4E82-9CE6-C919A6F1EF9A}.Release|x64.ActiveCfg = Release|Any CPU
		{D582C699-345F-4E82-9CE6-C919A6F1EF9A}.Release|x64.Build.0 = Release|Any CPU
		{D582C699-345F-4E82-9CE6-C919A6F1EF9A}.Release|x86.ActiveCfg = Release|Any CPU
		{D582C699-345F-4E82-9CE6-C919A6F1EF9A}.Release|x86.Build.0 = Release|Any CPU
		{CFF6B202-E444-4F0B-85CC-783E8435A4B5}.Debug|Any CPU.ActiveCfg = Debug|Any CPU
		{CFF6B202-E444-4F0B-85CC-783E8435A4B5}.Debug|Any CPU.Build.0 = Debug|Any CPU
		{CFF6B202-E444-4F0B-85CC-783E8435A4B5}.Debug|x64.ActiveCfg = Debug|Any CPU
		{CFF6B202-E444-4F0B-85CC-783E8435A4B5}.Debug|x64.Build.0 = Debug|Any CPU
		{CFF6B202-E444-4F0B-85CC-783E8435A4B5}.Debug|x86.ActiveCfg = Debug|Any CPU
		{CFF6B202-E444-4F0B-85CC-783E8435A4B5}.Debug|x86.Build.0 = Debug|Any CPU
		{CFF6B202-E444-4F0B-85CC-783E8435A4B5}.Release|Any CPU.ActiveCfg = Release|Any CPU
		{CFF6B202-E444-4F0B-85CC-783E8435A4B5}.Release|Any CPU.Build.0 = Release|Any CPU
		{CFF6B202-E444-4F0B-85CC-783E8435A4B5}.Release|x64.ActiveCfg = Release|Any CPU
		{CFF6B202-E444-4F0B-85CC-783E8435A4B5}.Release|x64.Build.0 = Release|Any CPU
		{CFF6B202-E444-4F0B-85CC-783E8435A4B5}.Release|x86.ActiveCfg = Release|Any CPU
		{CFF6B202-E444-4F0B-85CC-783E8435A4B5}.Release|x86.Build.0 = Release|Any CPU
		{C8A71DEE-39C6-4EBB-BE03-B3936F2FA18F}.Debug|Any CPU.ActiveCfg = Debug|Any CPU
		{C8A71DEE-39C6-4EBB-BE03-B3936F2FA18F}.Debug|Any CPU.Build.0 = Debug|Any CPU
		{C8A71DEE-39C6-4EBB-BE03-B3936F2FA18F}.Debug|x64.ActiveCfg = Debug|Any CPU
		{C8A71DEE-39C6-4EBB-BE03-B3936F2FA18F}.Debug|x64.Build.0 = Debug|Any CPU
		{C8A71DEE-39C6-4EBB-BE03-B3936F2FA18F}.Debug|x86.ActiveCfg = Debug|Any CPU
		{C8A71DEE-39C6-4EBB-BE03-B3936F2FA18F}.Debug|x86.Build.0 = Debug|Any CPU
		{C8A71DEE-39C6-4EBB-BE03-B3936F2FA18F}.Release|Any CPU.ActiveCfg = Release|Any CPU
		{C8A71DEE-39C6-4EBB-BE03-B3936F2FA18F}.Release|Any CPU.Build.0 = Release|Any CPU
		{C8A71DEE-39C6-4EBB-BE03-B3936F2FA18F}.Release|x64.ActiveCfg = Release|Any CPU
		{C8A71DEE-39C6-4EBB-BE03-B3936F2FA18F}.Release|x64.Build.0 = Release|Any CPU
		{C8A71DEE-39C6-4EBB-BE03-B3936F2FA18F}.Release|x86.ActiveCfg = Release|Any CPU
		{C8A71DEE-39C6-4EBB-BE03-B3936F2FA18F}.Release|x86.Build.0 = Release|Any CPU
		{49322BCD-0218-4E57-8BA6-58F3A9D7D983}.Debug|Any CPU.ActiveCfg = Debug|Any CPU
		{49322BCD-0218-4E57-8BA6-58F3A9D7D983}.Debug|Any CPU.Build.0 = Debug|Any CPU
		{49322BCD-0218-4E57-8BA6-58F3A9D7D983}.Debug|x64.ActiveCfg = Debug|Any CPU
		{49322BCD-0218-4E57-8BA6-58F3A9D7D983}.Debug|x64.Build.0 = Debug|Any CPU
		{49322BCD-0218-4E57-8BA6-58F3A9D7D983}.Debug|x86.ActiveCfg = Debug|Any CPU
		{49322BCD-0218-4E57-8BA6-58F3A9D7D983}.Debug|x86.Build.0 = Debug|Any CPU
		{49322BCD-0218-4E57-8BA6-58F3A9D7D983}.Release|Any CPU.ActiveCfg = Release|Any CPU
		{49322BCD-0218-4E57-8BA6-58F3A9D7D983}.Release|Any CPU.Build.0 = Release|Any CPU
		{49322BCD-0218-4E57-8BA6-58F3A9D7D983}.Release|x64.ActiveCfg = Release|Any CPU
		{49322BCD-0218-4E57-8BA6-58F3A9D7D983}.Release|x64.Build.0 = Release|Any CPU
		{49322BCD-0218-4E57-8BA6-58F3A9D7D983}.Release|x86.ActiveCfg = Release|Any CPU
		{49322BCD-0218-4E57-8BA6-58F3A9D7D983}.Release|x86.Build.0 = Release|Any CPU
		{930BF15F-DFB6-4001-B52F-FA9775662C47}.Debug|Any CPU.ActiveCfg = Debug|Any CPU
		{930BF15F-DFB6-4001-B52F-FA9775662C47}.Debug|Any CPU.Build.0 = Debug|Any CPU
		{930BF15F-DFB6-4001-B52F-FA9775662C47}.Debug|x64.ActiveCfg = Debug|Any CPU
		{930BF15F-DFB6-4001-B52F-FA9775662C47}.Debug|x64.Build.0 = Debug|Any CPU
		{930BF15F-DFB6-4001-B52F-FA9775662C47}.Debug|x86.ActiveCfg = Debug|Any CPU
		{930BF15F-DFB6-4001-B52F-FA9775662C47}.Debug|x86.Build.0 = Debug|Any CPU
		{930BF15F-DFB6-4001-B52F-FA9775662C47}.Release|Any CPU.ActiveCfg = Release|Any CPU
		{930BF15F-DFB6-4001-B52F-FA9775662C47}.Release|Any CPU.Build.0 = Release|Any CPU
		{930BF15F-DFB6-4001-B52F-FA9775662C47}.Release|x64.ActiveCfg = Release|Any CPU
		{930BF15F-DFB6-4001-B52F-FA9775662C47}.Release|x64.Build.0 = Release|Any CPU
		{930BF15F-DFB6-4001-B52F-FA9775662C47}.Release|x86.ActiveCfg = Release|Any CPU
		{930BF15F-DFB6-4001-B52F-FA9775662C47}.Release|x86.Build.0 = Release|Any CPU
		{0667808C-0A87-4243-B48B-C768D02776F3}.Debug|Any CPU.ActiveCfg = Debug|Any CPU
		{0667808C-0A87-4243-B48B-C768D02776F3}.Debug|Any CPU.Build.0 = Debug|Any CPU
		{0667808C-0A87-4243-B48B-C768D02776F3}.Debug|x64.ActiveCfg = Debug|Any CPU
		{0667808C-0A87-4243-B48B-C768D02776F3}.Debug|x64.Build.0 = Debug|Any CPU
		{0667808C-0A87-4243-B48B-C768D02776F3}.Debug|x86.ActiveCfg = Debug|Any CPU
		{0667808C-0A87-4243-B48B-C768D02776F3}.Debug|x86.Build.0 = Debug|Any CPU
		{0667808C-0A87-4243-B48B-C768D02776F3}.Release|Any CPU.ActiveCfg = Release|Any CPU
		{0667808C-0A87-4243-B48B-C768D02776F3}.Release|Any CPU.Build.0 = Release|Any CPU
		{0667808C-0A87-4243-B48B-C768D02776F3}.Release|x64.ActiveCfg = Release|Any CPU
		{0667808C-0A87-4243-B48B-C768D02776F3}.Release|x64.Build.0 = Release|Any CPU
		{0667808C-0A87-4243-B48B-C768D02776F3}.Release|x86.ActiveCfg = Release|Any CPU
		{0667808C-0A87-4243-B48B-C768D02776F3}.Release|x86.Build.0 = Release|Any CPU
		{FFD8DAF4-5C91-46FB-B145-9BF0FC7A9DD9}.Debug|Any CPU.ActiveCfg = Debug|Any CPU
		{FFD8DAF4-5C91-46FB-B145-9BF0FC7A9DD9}.Debug|Any CPU.Build.0 = Debug|Any CPU
		{FFD8DAF4-5C91-46FB-B145-9BF0FC7A9DD9}.Debug|x64.ActiveCfg = Debug|Any CPU
		{FFD8DAF4-5C91-46FB-B145-9BF0FC7A9DD9}.Debug|x64.Build.0 = Debug|Any CPU
		{FFD8DAF4-5C91-46FB-B145-9BF0FC7A9DD9}.Debug|x86.ActiveCfg = Debug|Any CPU
		{FFD8DAF4-5C91-46FB-B145-9BF0FC7A9DD9}.Debug|x86.Build.0 = Debug|Any CPU
		{FFD8DAF4-5C91-46FB-B145-9BF0FC7A9DD9}.Release|Any CPU.ActiveCfg = Release|Any CPU
		{FFD8DAF4-5C91-46FB-B145-9BF0FC7A9DD9}.Release|Any CPU.Build.0 = Release|Any CPU
		{FFD8DAF4-5C91-46FB-B145-9BF0FC7A9DD9}.Release|x64.ActiveCfg = Release|Any CPU
		{FFD8DAF4-5C91-46FB-B145-9BF0FC7A9DD9}.Release|x64.Build.0 = Release|Any CPU
		{FFD8DAF4-5C91-46FB-B145-9BF0FC7A9DD9}.Release|x86.ActiveCfg = Release|Any CPU
		{FFD8DAF4-5C91-46FB-B145-9BF0FC7A9DD9}.Release|x86.Build.0 = Release|Any CPU
		{CBBFA650-DB2C-4523-9D02-D15A18891722}.Debug|Any CPU.ActiveCfg = Debug|Any CPU
		{CBBFA650-DB2C-4523-9D02-D15A18891722}.Debug|Any CPU.Build.0 = Debug|Any CPU
		{CBBFA650-DB2C-4523-9D02-D15A18891722}.Debug|x64.ActiveCfg = Debug|Any CPU
		{CBBFA650-DB2C-4523-9D02-D15A18891722}.Debug|x64.Build.0 = Debug|Any CPU
		{CBBFA650-DB2C-4523-9D02-D15A18891722}.Debug|x86.ActiveCfg = Debug|Any CPU
		{CBBFA650-DB2C-4523-9D02-D15A18891722}.Debug|x86.Build.0 = Debug|Any CPU
		{CBBFA650-DB2C-4523-9D02-D15A18891722}.Release|Any CPU.ActiveCfg = Release|Any CPU
		{CBBFA650-DB2C-4523-9D02-D15A18891722}.Release|Any CPU.Build.0 = Release|Any CPU
		{CBBFA650-DB2C-4523-9D02-D15A18891722}.Release|x64.ActiveCfg = Release|Any CPU
		{CBBFA650-DB2C-4523-9D02-D15A18891722}.Release|x64.Build.0 = Release|Any CPU
		{CBBFA650-DB2C-4523-9D02-D15A18891722}.Release|x86.ActiveCfg = Release|Any CPU
		{CBBFA650-DB2C-4523-9D02-D15A18891722}.Release|x86.Build.0 = Release|Any CPU
		{AAC17738-CC67-4119-B80A-955D94301CBE}.Debug|Any CPU.ActiveCfg = Debug|Any CPU
		{AAC17738-CC67-4119-B80A-955D94301CBE}.Debug|Any CPU.Build.0 = Debug|Any CPU
		{AAC17738-CC67-4119-B80A-955D94301CBE}.Debug|x64.ActiveCfg = Debug|Any CPU
		{AAC17738-CC67-4119-B80A-955D94301CBE}.Debug|x64.Build.0 = Debug|Any CPU
		{AAC17738-CC67-4119-B80A-955D94301CBE}.Debug|x86.ActiveCfg = Debug|Any CPU
		{AAC17738-CC67-4119-B80A-955D94301CBE}.Debug|x86.Build.0 = Debug|Any CPU
		{AAC17738-CC67-4119-B80A-955D94301CBE}.Release|Any CPU.ActiveCfg = Release|Any CPU
		{AAC17738-CC67-4119-B80A-955D94301CBE}.Release|Any CPU.Build.0 = Release|Any CPU
		{AAC17738-CC67-4119-B80A-955D94301CBE}.Release|x64.ActiveCfg = Release|Any CPU
		{AAC17738-CC67-4119-B80A-955D94301CBE}.Release|x64.Build.0 = Release|Any CPU
		{AAC17738-CC67-4119-B80A-955D94301CBE}.Release|x86.ActiveCfg = Release|Any CPU
		{AAC17738-CC67-4119-B80A-955D94301CBE}.Release|x86.Build.0 = Release|Any CPU
		{2CF2C0B3-342D-4C99-9D78-C2C78F4E79C8}.Debug|Any CPU.ActiveCfg = Debug|Any CPU
		{2CF2C0B3-342D-4C99-9D78-C2C78F4E79C8}.Debug|Any CPU.Build.0 = Debug|Any CPU
		{2CF2C0B3-342D-4C99-9D78-C2C78F4E79C8}.Debug|x64.ActiveCfg = Debug|Any CPU
		{2CF2C0B3-342D-4C99-9D78-C2C78F4E79C8}.Debug|x64.Build.0 = Debug|Any CPU
		{2CF2C0B3-342D-4C99-9D78-C2C78F4E79C8}.Debug|x86.ActiveCfg = Debug|Any CPU
		{2CF2C0B3-342D-4C99-9D78-C2C78F4E79C8}.Debug|x86.Build.0 = Debug|Any CPU
		{2CF2C0B3-342D-4C99-9D78-C2C78F4E79C8}.Release|Any CPU.ActiveCfg = Release|Any CPU
		{2CF2C0B3-342D-4C99-9D78-C2C78F4E79C8}.Release|Any CPU.Build.0 = Release|Any CPU
		{2CF2C0B3-342D-4C99-9D78-C2C78F4E79C8}.Release|x64.ActiveCfg = Release|Any CPU
		{2CF2C0B3-342D-4C99-9D78-C2C78F4E79C8}.Release|x64.Build.0 = Release|Any CPU
		{2CF2C0B3-342D-4C99-9D78-C2C78F4E79C8}.Release|x86.ActiveCfg = Release|Any CPU
		{2CF2C0B3-342D-4C99-9D78-C2C78F4E79C8}.Release|x86.Build.0 = Release|Any CPU
		{A519E097-054E-4830-9AD5-E21E07760237}.Debug|Any CPU.ActiveCfg = Debug|Any CPU
		{A519E097-054E-4830-9AD5-E21E07760237}.Debug|Any CPU.Build.0 = Debug|Any CPU
		{A519E097-054E-4830-9AD5-E21E07760237}.Debug|x64.ActiveCfg = Debug|Any CPU
		{A519E097-054E-4830-9AD5-E21E07760237}.Debug|x64.Build.0 = Debug|Any CPU
		{A519E097-054E-4830-9AD5-E21E07760237}.Debug|x86.ActiveCfg = Debug|Any CPU
		{A519E097-054E-4830-9AD5-E21E07760237}.Debug|x86.Build.0 = Debug|Any CPU
		{A519E097-054E-4830-9AD5-E21E07760237}.Release|Any CPU.ActiveCfg = Release|Any CPU
		{A519E097-054E-4830-9AD5-E21E07760237}.Release|Any CPU.Build.0 = Release|Any CPU
		{A519E097-054E-4830-9AD5-E21E07760237}.Release|x64.ActiveCfg = Release|Any CPU
		{A519E097-054E-4830-9AD5-E21E07760237}.Release|x64.Build.0 = Release|Any CPU
		{A519E097-054E-4830-9AD5-E21E07760237}.Release|x86.ActiveCfg = Release|Any CPU
		{A519E097-054E-4830-9AD5-E21E07760237}.Release|x86.Build.0 = Release|Any CPU
	EndGlobalSection
	GlobalSection(SolutionProperties) = preSolution
		HideSolutionNode = FALSE
	EndGlobalSection
	GlobalSection(NestedProjects) = preSolution
		{8B20283B-F782-4245-B9C8-42A4D0826392} = {827E0CD3-B72D-47B6-A68D-7590B98EB39B}
		{B1526D43-8ED7-4B4C-BB55-43C75D1F00A6} = {827E0CD3-B72D-47B6-A68D-7590B98EB39B}
		{42D99076-DFAF-47A3-860E-93B3E7DC0D12} = {827E0CD3-B72D-47B6-A68D-7590B98EB39B}
		{D582C699-345F-4E82-9CE6-C919A6F1EF9A} = {827E0CD3-B72D-47B6-A68D-7590B98EB39B}
		{CFF6B202-E444-4F0B-85CC-783E8435A4B5} = {827E0CD3-B72D-47B6-A68D-7590B98EB39B}
		{C8A71DEE-39C6-4EBB-BE03-B3936F2FA18F} = {827E0CD3-B72D-47B6-A68D-7590B98EB39B}
		{49322BCD-0218-4E57-8BA6-58F3A9D7D983} = {827E0CD3-B72D-47B6-A68D-7590B98EB39B}
		{930BF15F-DFB6-4001-B52F-FA9775662C47} = {827E0CD3-B72D-47B6-A68D-7590B98EB39B}
		{0667808C-0A87-4243-B48B-C768D02776F3} = {827E0CD3-B72D-47B6-A68D-7590B98EB39B}
		{FFD8DAF4-5C91-46FB-B145-9BF0FC7A9DD9} = {0AB3BF05-4346-4AA6-1389-037BE0695223}
		{CBBFA650-DB2C-4523-9D02-D15A18891722} = {0AB3BF05-4346-4AA6-1389-037BE0695223}
		{AAC17738-CC67-4119-B80A-955D94301CBE} = {0AB3BF05-4346-4AA6-1389-037BE0695223}
		{2CF2C0B3-342D-4C99-9D78-C2C78F4E79C8} = {0AB3BF05-4346-4AA6-1389-037BE0695223}
		{A519E097-054E-4830-9AD5-E21E07760237} = {0AB3BF05-4346-4AA6-1389-037BE0695223}
	EndGlobalSection
EndGlobal
